
Microsoft Visual Studio Solution File, Format Version 12.00
# Visual Studio Version 16
VisualStudioVersion = 16.0.31605.320
MinimumVisualStudioVersion = 10.0.40219.1
Project("{8BC9CEB8-8B4A-11D0-8D11-00A0C91BC942}") = "Lab6", "Lab6.vcxproj", "{D857EEDB-0426-4D16-9F3B-6E017A1F3FBD}"
EndProject
Global
	GlobalSection(SolutionConfigurationPlatforms) = preSolution
		Debug|x64 = Debug|x64
		Debug|x86 = Debug|x86
		Release|x64 = Release|x64
		Release|x86 = Release|x86
	EndGlobalSection
	GlobalSection(ProjectConfigurationPlatforms) = postSolution
		{D857EEDB-0426-4D16-9F3B-6E017A1F3FBD}.Debug|x64.ActiveCfg = Debug|x64
		{D857EEDB-0426-4D16-9F3B-6E017A1F3FBD}.Debug|x64.Build.0 = Debug|x64
		{D857EEDB-0426-4D16-9F3B-6E017A1F3FBD}.Debug|x86.ActiveCfg = Debug|Win32
		{D857EEDB-0426-4D16-9F3B-6E017A1F3FBD}.Debug|x86.Build.0 = Debug|Win32
		{D857EEDB-0426-4D16-9F3B-6E017A1F3FBD}.Release|x64.ActiveCfg = Release|x64
		{D857EEDB-0426-4D16-9F3B-6E017A1F3FBD}.Release|x64.Build.0 = Release|x64
		{D857EEDB-0426-4D16-9F3B-6E017A1F3FBD}.Release|x86.ActiveCfg = Release|Win32
		{D857EEDB-0426-4D16-9F3B-6E017A1F3FBD}.Release|x86.Build.0 = Release|Win32
	EndGlobalSection
	GlobalSection(SolutionProperties) = preSolution
		HideSolutionNode = FALSE
	EndGlobalSection
	GlobalSection(ExtensibilityGlobals) = postSolution
		SolutionGuid = {61FD4578-AA86-48A5-AFCB-7DD6213BD43A}
	EndGlobalSection
EndGlobal
